
Microsoft Visual Studio Solution File, Format Version 12.00
# Visual Studio Version 17
VisualStudioVersion = 17.2.32602.215
MinimumVisualStudioVersion = 10.0.40219.1
Project("{FAE04EC0-301F-11D3-BF4B-00C04F79EFBC}") = "D20", "D20\D20.csproj", "{19CD4A82-76B0-4793-BB72-56F01BB221D8}"
EndProject
Global
	GlobalSection(SolutionConfigurationPlatforms) = preSolution
		Debug|Any CPU = Debug|Any CPU
		Release|Any CPU = Release|Any CPU
	EndGlobalSection
	GlobalSection(ProjectConfigurationPlatforms) = postSolution
		{19CD4A82-76B0-4793-BB72-56F01BB221D8}.Debug|Any CPU.ActiveCfg = Debug|Any CPU
		{19CD4A82-76B0-4793-BB72-56F01BB221D8}.Debug|Any CPU.Build.0 = Debug|Any CPU
		{19CD4A82-76B0-4793-BB72-56F01BB221D8}.Release|Any CPU.ActiveCfg = Release|Any CPU
		{19CD4A82-76B0-4793-BB72-56F01BB221D8}.Release|Any CPU.Build.0 = Release|Any CPU
	EndGlobalSection
	GlobalSection(SolutionProperties) = preSolution
		HideSolutionNode = FALSE
	EndGlobalSection
	GlobalSection(ExtensibilityGlobals) = postSolution
		SolutionGuid = {D84A3768-1DE8-4631-B733-5DDC2509BF13}
	EndGlobalSection
EndGlobal
